// !$*UTF8*$!
{
	archiveVersion = 1;
	classes = {
	};
	objectVersion = 46;
	objects = {

/* Begin PBXBuildFile section */
		038A23401E1FBD88004C17E8 /* AppDelegate.swift in Sources */ = {isa = PBXBuildFile; fileRef = 038A233F1E1FBD88004C17E8 /* AppDelegate.swift */; };
		038A23421E1FBD88004C17E8 /* ViewController.swift in Sources */ = {isa = PBXBuildFile; fileRef = 038A23411E1FBD88004C17E8 /* ViewController.swift */; };
		038A23451E1FBD88004C17E8 /* Main.storyboard in Resources */ = {isa = PBXBuildFile; fileRef = 038A23431E1FBD88004C17E8 /* Main.storyboard */; };
		038A23471E1FBD88004C17E8 /* Assets.xcassets in Resources */ = {isa = PBXBuildFile; fileRef = 038A23461E1FBD88004C17E8 /* Assets.xcassets */; };
		038A234A1E1FBD88004C17E8 /* LaunchScreen.storyboard in Resources */ = {isa = PBXBuildFile; fileRef = 038A23481E1FBD88004C17E8 /* LaunchScreen.storyboard */; };
		038A23521E1FC14F004C17E8 /* YMUserDefault.swift in Sources */ = {isa = PBXBuildFile; fileRef = 038A23511E1FC14F004C17E8 /* YMUserDefault.swift */; };
/* End PBXBuildFile section */

/* Begin PBXFileReference section */
		038A233C1E1FBD88004C17E8 /* UserDefaultDemo.app */ = {isa = PBXFileReference; explicitFileType = wrapper.application; includeInIndex = 0; path = UserDefaultDemo.app; sourceTree = BUILT_PRODUCTS_DIR; };
		038A233F1E1FBD88004C17E8 /* AppDelegate.swift */ = {isa = PBXFileReference; lastKnownFileType = sourcecode.swift; path = AppDelegate.swift; sourceTree = "<group>"; };
		038A23411E1FBD88004C17E8 /* ViewController.swift */ = {isa = PBXFileReference; lastKnownFileType = sourcecode.swift; path = ViewController.swift; sourceTree = "<group>"; };
		038A23441E1FBD88004C17E8 /* Base */ = {isa = PBXFileReference; lastKnownFileType = file.storyboard; name = Base; path = Base.lproj/Main.storyboard; sourceTree = "<group>"; };
		038A23461E1FBD88004C17E8 /* Assets.xcassets */ = {isa = PBXFileReference; lastKnownFileType = folder.assetcatalog; path = Assets.xcassets; sourceTree = "<group>"; };
		038A23491E1FBD88004C17E8 /* Base */ = {isa = PBXFileReference; lastKnownFileType = file.storyboard; name = Base; path = Base.lproj/LaunchScreen.storyboard; sourceTree = "<group>"; };
		038A234B1E1FBD88004C17E8 /* Info.plist */ = {isa = PBXFileReference; lastKnownFileType = text.plist.xml; path = Info.plist; sourceTree = "<group>"; };
		038A23511E1FC14F004C17E8 /* YMUserDefault.swift */ = {isa = PBXFileReference; fileEncoding = 4; lastKnownFileType = sourcecode.swift; path = YMUserDefault.swift; sourceTree = "<group>"; };
/* End PBXFileReference section */

/* Begin PBXFrameworksBuildPhase section */
		038A23391E1FBD88004C17E8 /* Frameworks */ = {
			isa = PBXFrameworksBuildPhase;
			buildActionMask = 2147483647;
			files = (
			);
			runOnlyForDeploymentPostprocessing = 0;
		};
/* End PBXFrameworksBuildPhase section */

/* Begin PBXGroup section */
		038A23331E1FBD88004C17E8 = {
			isa = PBXGroup;
			children = (
				038A233E1E1FBD88004C17E8 /* UserDefaultDemo */,
				038A233D1E1FBD88004C17E8 /* Products */,
			);
			sourceTree = "<group>";
		};
		038A233D1E1FBD88004C17E8 /* Products */ = {
			isa = PBXGroup;
			children = (
				038A233C1E1FBD88004C17E8 /* UserDefaultDemo.app */,
			);
			name = Products;
			sourceTree = "<group>";
		};
		038A233E1E1FBD88004C17E8 /* UserDefaultDemo */ = {
			isa = PBXGroup;
			children = (
				038A233F1E1FBD88004C17E8 /* AppDelegate.swift */,
				038A23411E1FBD88004C17E8 /* ViewController.swift */,
				038A23511E1FC14F004C17E8 /* YMUserDefault.swift */,
				038A23431E1FBD88004C17E8 /* Main.storyboard */,
				038A23461E1FBD88004C17E8 /* Assets.xcassets */,
				038A23481E1FBD88004C17E8 /* LaunchScreen.storyboard */,
				038A234B1E1FBD88004C17E8 /* Info.plist */,
			);
			path = UserDefaultDemo;
			sourceTree = "<group>";
		};
/* End PBXGroup section */

/* Begin PBXNativeTarget section */
		038A233B1E1FBD88004C17E8 /* UserDefaultDemo */ = {
			isa = PBXNativeTarget;
			buildConfigurationList = 038A234E1E1FBD88004C17E8 /* Build configuration list for PBXNativeTarget "UserDefaultDemo" */;
			buildPhases = (
				038A23381E1FBD88004C17E8 /* Sources */,
				038A23391E1FBD88004C17E8 /* Frameworks */,
				038A233A1E1FBD88004C17E8 /* Resources */,
			);
			buildRules = (
			);
			dependencies = (
			);
			name = UserDefaultDemo;
			productName = UserDefaultDemo;
			productReference = 038A233C1E1FBD88004C17E8 /* UserDefaultDemo.app */;
			productType = "com.apple.product-type.application";
		};
/* End PBXNativeTarget section */

/* Begin PBXProject section */
		038A23341E1FBD88004C17E8 /* Project object */ = {
			isa = PBXProject;
			attributes = {
				LastSwiftUpdateCheck = 0820;
				LastUpgradeCheck = 0820;
				ORGANIZATIONNAME = "Yudiz Solutions Pvt.Ltd.";
				TargetAttributes = {
					038A233B1E1FBD88004C17E8 = {
						CreatedOnToolsVersion = 8.2;
						ProvisioningStyle = Automatic;
					};
				};
			};
			buildConfigurationList = 038A23371E1FBD88004C17E8 /* Build configuration list for PBXProject "UserDefaultDemo" */;
			compatibilityVersion = "Xcode 3.2";
			developmentRegion = English;
			hasScannedForEncodings = 0;
			knownRegions = (
				en,
				Base,
			);
			mainGroup = 038A23331E1FBD88004C17E8;
			productRefGroup = 038A233D1E1FBD88004C17E8 /* Products */;
			projectDirPath = "";
			projectRoot = "";
			targets = (
				038A233B1E1FBD88004C17E8 /* UserDefaultDemo */,
			);
		};
/* End PBXProject section */

/* Begin PBXResourcesBuildPhase section */
		038A233A1E1FBD88004C17E8 /* Resources */ = {
			isa = PBXResourcesBuildPhase;
			buildActionMask = 2147483647;
			files = (
				038A234A1E1FBD88004C17E8 /* LaunchScreen.storyboard in Resources */,
				038A23471E1FBD88004C17E8 /* Assets.xcassets in Resources */,
				038A23451E1FBD88004C17E8 /* Main.storyboard in Resources */,
			);
			runOnlyForDeploymentPostprocessing = 0;
		};
/* End PBXResourcesBuildPhase section */

/* Begin PBXSourcesBuildPhase section */
		038A23381E1FBD88004C17E8 /* Sources */ = {
			isa = PBXSourcesBuildPhase;
			buildActionMask = 2147483647;
			files = (
				038A23421E1FBD88004C17E8 /* ViewController.swift in Sources */,
				038A23401E1FBD88004C17E8 /* AppDelegate.swift in Sources */,
				038A23521E1FC14F004C17E8 /* YMUserDefault.swift in Sources */,
			);
			runOnlyForDeploymentPostprocessing = 0;
		};
/* End PBXSourcesBuildPhase section */

/* Begin PBXVariantGroup section */
		038A23431E1FBD88004C17E8 /* Main.storyboard */ = {
			isa = PBXVariantGroup;
			children = (
				038A23441E1FBD88004C17E8 /* Base */,
			);
			name = Main.storyboard;
			sourceTree = "<group>";
		};
		038A23481E1FBD88004C17E8 /* LaunchScreen.storyboard */ = {
			isa = PBXVariantGroup;
			children = (
				038A23491E1FBD88004C17E8 /* Base */,
			);
			name = LaunchScreen.storyboard;
			sourceTree = "<group>";
		};
/* End PBXVariantGroup section */

/* Begin XCBuildConfiguration section */
		038A234C1E1FBD88004C17E8 /* Debug */ = {
			isa = XCBuildConfiguration;
			buildSettings = {
				ALWAYS_SEARCH_USER_PATHS = NO;
				CLANG_ANALYZER_NONNULL = YES;
				CLANG_CXX_LANGUAGE_STANDARD = "gnu++0x";
				CLANG_CXX_LIBRARY = "libc++";
				CLANG_ENABLE_MODULES = YES;
				CLANG_ENABLE_OBJC_ARC = YES;
				CLANG_WARN_BOOL_CONVERSION = YES;
				CLANG_WARN_CONSTANT_CONVERSION = YES;
				CLANG_WARN_DIRECT_OBJC_ISA_USAGE = YES_ERROR;
				CLANG_WARN_DOCUMENTATION_COMMENTS = YES;
				CLANG_WARN_EMPTY_BODY = YES;
				CLANG_WARN_ENUM_CONVERSION = YES;
				CLANG_WARN_INFINITE_RECURSION = YES;
				CLANG_WARN_INT_CONVERSION = YES;
				CLANG_WARN_OBJC_ROOT_CLASS = YES_ERROR;
				CLANG_WARN_SUSPICIOUS_MOVE = YES;
				CLANG_WARN_UNREACHABLE_CODE = YES;
				CLANG_WARN__DUPLICATE_METHOD_MATCH = YES;
				"CODE_SIGN_IDENTITY[sdk=iphoneos*]" = "iPhone Developer";
				COPY_PHASE_STRIP = NO;
				DEBUG_INFORMATION_FORMAT = dwarf;
				ENABLE_STRICT_OBJC_MSGSEND = YES;
				ENABLE_TESTABILITY = YES;
				GCC_C_LANGUAGE_STANDARD = gnu99;
				GCC_DYNAMIC_NO_PIC = NO;
				GCC_NO_COMMON_BLOCKS = YES;
				GCC_OPTIMIZATION_LEVEL = 0;
				GCC_PREPROCESSOR_DEFINITIONS = (
					"DEBUG=1",
					"$(inherited)",
				);
				GCC_WARN_64_TO_32_BIT_CONVERSION = YES;
				GCC_WARN_ABOUT_RETURN_TYPE = YES_ERROR;
				GCC_WARN_UNDECLARED_SELECTOR = YES;
				GCC_WARN_UNINITIALIZED_AUTOS = YES_AGGRESSIVE;
				GCC_WARN_UNUSED_FUNCTION = YES;
				GCC_WARN_UNUSED_VARIABLE = YES;
				IPHONEOS_DEPLOYMENT_TARGET = 10.2;
				MTL_ENABLE_DEBUG_INFO = YES;
				ONLY_ACTIVE_ARCH = YES;
				SDKROOT = iphoneos;
				SWIFT_ACTIVE_COMPILATION_CONDITIONS = DEBUG;
				SWIFT_OPTIMIZATION_LEVEL = "-Onone";
				TARGETED_DEVICE_FAMILY = "1,2";
			};
			name = Debug;
		};
		038A234D1E1FBD88004C17E8 /* Release */ = {
			isa = XCBuildConfiguration;
			buildSettings = {
				ALWAYS_SEARCH_USER_PATHS = NO;
				CLANG_ANALYZER_NONNULL = YES;
				CLANG_CXX_LANGUAGE_STANDARD = "gnu++0x";
				CLANG_CXX_LIBRARY = "libc++";
				CLANG_ENABLE_MODULES = YES;
				CLANG_ENABLE_OBJC_ARC = YES;
				CLANG_WARN_BOOL_CONVERSION = YES;
				CLANG_WARN_CONSTANT_CONVERSION = YES;
				CLANG_WARN_DIRECT_OBJC_ISA_USAGE = YES_ERROR;
				CLANG_WARN_DOCUMENTATION_COMMENTS = YES;
				CLANG_WARN_EMPTY_BODY = YES;
				CLANG_WARN_ENUM_CONVERSION = YES;
				CLANG_WARN_INFINITE_RECURSION = YES;
				CLANG_WARN_INT_CONVERSION = YES;
				CLANG_WARN_OBJC_ROOT_CLASS = YES_ERROR;
				CLANG_WARN_SUSPICIOUS_MOVE = YES;
				CLANG_WARN_UNREACHABLE_CODE = YES;
				CLANG_WARN__DUPLICATE_METHOD_MATCH = YES;
				"CODE_SIGN_IDENTITY[sdk=iphoneos*]" = "iPhone Developer";
				COPY_PHASE_STRIP = NO;
				DEBUG_INFORMATION_FORMAT = "dwarf-with-dsym";
				ENABLE_NS_ASSERTIONS = NO;
				ENABLE_STRICT_OBJC_MSGSEND = YES;
				GCC_C_LANGUAGE_STANDARD = gnu99;
				GCC_NO_COMMON_BLOCKS = YES;
				GCC_WARN_64_TO_32_BIT_CONVERSION = YES;
				GCC_WARN_ABOUT_RETURN_TYPE = YES_ERROR;
				GCC_WARN_UNDECLARED_SELECTOR = YES;
				GCC_WARN_UNINITIALIZED_AUTOS = YES_AGGRESSIVE;
				GCC_WARN_UNUSED_FUNCTION = YES;
				GCC_WARN_UNUSED_VARIABLE = YES;
				IPHONEOS_DEPLOYMENT_TARGET = 10.2;
				MTL_ENABLE_DEBUG_INFO = NO;
				SDKROOT = iphoneos;
				SWIFT_OPTIMIZATION_LEVEL = "-Owholemodule";
				TARGETED_DEVICE_FAMILY = "1,2";
				VALIDATE_PRODUCT = YES;
			};
			name = Release;
		};
		038A234F1E1FBD88004C17E8 /* Debug */ = {
			isa = XCBuildConfiguration;
			buildSettings = {
				ASSETCATALOG_COMPILER_APPICON_NAME = AppIcon;
				INFOPLIST_FILE = UserDefaultDemo/Info.plist;
				LD_RUNPATH_SEARCH_PATHS = "$(inherited) @executable_path/Frameworks";
				PRODUCT_BUNDLE_IDENTIFIER = Yudiz.UserDefaultDemo;
				PRODUCT_NAME = "$(TARGET_NAME)";
				SWIFT_VERSION = 3.0;
			};
			name = Debug;
		};
		038A23501E1FBD88004C17E8 /* Release */ = {
			isa = XCBuildConfiguration;
			buildSettings = {
				ASSETCATALOG_COMPILER_APPICON_NAME = AppIcon;
				INFOPLIST_FILE = UserDefaultDemo/Info.plist;
				LD_RUNPATH_SEARCH_PATHS = "$(inherited) @executable_path/Frameworks";
				PRODUCT_BUNDLE_IDENTIFIER = Yudiz.UserDefaultDemo;
				PRODUCT_NAME = "$(TARGET_NAME)";
				SWIFT_VERSION = 3.0;
			};
			name = Release;
		};
/* End XCBuildConfiguration section */

/* Begin XCConfigurationList section */
		038A23371E1FBD88004C17E8 /* Build configuration list for PBXProject "UserDefaultDemo" */ = {
			isa = XCConfigurationList;
			buildConfigurations = (
				038A234C1E1FBD88004C17E8 /* Debug */,
				038A234D1E1FBD88004C17E8 /* Release */,
			);
			defaultConfigurationIsVisible = 0;
			defaultConfigurationName = Release;
		};
		038A234E1E1FBD88004C17E8 /* Build configuration list for PBXNativeTarget "UserDefaultDemo" */ = {
			isa = XCConfigurationList;
			buildConfigurations = (
				038A234F1E1FBD88004C17E8 /* Debug */,
				038A23501E1FBD88004C17E8 /* Release */,
			);
			defaultConfigurationIsVisible = 0;
		};
/* End XCConfigurationList section */
	};
	rootObject = 038A23341E1FBD88004C17E8 /* Project object */;
}
